
Microsoft Visual Studio Solution File, Format Version 12.00
# Visual Studio Version 17
VisualStudioVersion = 17.9.34723.18
MinimumVisualStudioVersion = 10.0.40219.1
Project("{8BC9CEB8-8B4A-11D0-8D11-00A0C91BC942}") = "1.12_02", "1.12_02.vcxproj", "{596E42C2-580C-4F4D-ACE8-48620475B4C6}"
EndProject
Global
	GlobalSection(SolutionConfigurationPlatforms) = preSolution
		Debug|x64 = Debug|x64
		Debug|x86 = Debug|x86
		Release|x64 = Release|x64
		Release|x86 = Release|x86
	EndGlobalSection
	GlobalSection(ProjectConfigurationPlatforms) = postSolution
		{596E42C2-580C-4F4D-ACE8-48620475B4C6}.Debug|x64.ActiveCfg = Debug|x64
		{596E42C2-580C-4F4D-ACE8-48620475B4C6}.Debug|x64.Build.0 = Debug|x64
		{596E42C2-580C-4F4D-ACE8-48620475B4C6}.Debug|x86.ActiveCfg = Debug|Win32
		{596E42C2-580C-4F4D-ACE8-48620475B4C6}.Debug|x86.Build.0 = Debug|Win32
		{596E42C2-580C-4F4D-ACE8-48620475B4C6}.Release|x64.ActiveCfg = Release|x64
		{596E42C2-580C-4F4D-ACE8-48620475B4C6}.Release|x64.Build.0 = Release|x64
		{596E42C2-580C-4F4D-ACE8-48620475B4C6}.Release|x86.ActiveCfg = Release|Win32
		{596E42C2-580C-4F4D-ACE8-48620475B4C6}.Release|x86.Build.0 = Release|Win32
	EndGlobalSection
	GlobalSection(SolutionProperties) = preSolution
		HideSolutionNode = FALSE
	EndGlobalSection
	GlobalSection(ExtensibilityGlobals) = postSolution
		SolutionGuid = {180319B5-D67A-4F4D-AF8A-E80D3083FCDD}
	EndGlobalSection
EndGlobal
